{
  "name": "assets",
  "lockfileVersion": 2,
  "requires": true,
  "packages": {
    "": {
      "dependencies": {
        "sql-formatter": "^6.1.1"
      }
    },
    "node_modules/argparse": {
      "version": "2.0.1",
      "resolved": "https://registry.npmjs.org/argparse/-/argparse-2.0.1.tgz",
      "integrity": "sha512-8+9WqebbFzpX9OR+Wa6O29asIogeRMzcGtAINdpMHHyAg10f05aSFVBbcEqGf/PXw1EjAZ+q2/bEBg3DvurK3Q=="
    },
    "node_modules/sql-formatter": {
      "version": "6.1.1",
      "resolved": "https://registry.npmjs.org/sql-formatter/-/sql-formatter-6.1.1.tgz",
      "integrity": "sha512-NiUP90vNb6NjQryWz0bPsvv4BTqe/wY75mRbh2E6M1kKZIoCKtueeKIDMQBB+RI8pjxVUQy7e35JUXQj6YYonQ==",
      "dependencies": {
        "argparse": "^2.0.1"
      },
      "bin": {
        "sql-formatter": "bin/sql-formatter-cli.js"
      }
    }
  },
  "dependencies": {
    "argparse": {
      "version": "2.0.1",
      "resolved": "https://registry.npmjs.org/argparse/-/argparse-2.0.1.tgz",
      "integrity": "sha512-8+9WqebbFzpX9OR+Wa6O29asIogeRMzcGtAINdpMHHyAg10f05aSFVBbcEqGf/PXw1EjAZ+q2/bEBg3DvurK3Q=="
    },
    "sql-formatter": {
      "version": "6.1.1",
      "resolved": "https://registry.npmjs.org/sql-formatter/-/sql-formatter-6.1.1.tgz",
      "integrity": "sha512-NiUP90vNb6NjQryWz0bPsvv4BTqe/wY75mRbh2E6M1kKZIoCKtueeKIDMQBB+RI8pjxVUQy7e35JUXQj6YYonQ==",
      "requires": {
        "argparse": "^2.0.1"
      }
    }
  }
}
